
Microsoft Visual Studio Solution File, Format Version 12.00
# Visual Studio Version 17
VisualStudioVersion = 17.0.31717.71
MinimumVisualStudioVersion = 10.0.40219.1
Project("{2150E333-8FDC-42A3-9474-1A3956D46DE8}") = "FrontEnd", "FrontEnd", "{4D2885F0-3BBB-402E-AC0E-77FBD49955A9}"
EndProject
Project("{2150E333-8FDC-42A3-9474-1A3956D46DE8}") = "Services", "Services", "{203471FE-94D6-49F2-9B1D-CE95E9D45584}"
EndProject
Project("{9A19103F-16F7-4668-BE54-9A1E7A4F7556}") = "Mango.Services.ProductAPI", "Mango.Services.ProductAPI\Mango.Services.ProductAPI.csproj", "{31FFC335-66C1-404B-964E-FE1403C6FD5D}"
EndProject
Project("{FAE04EC0-301F-11D3-BF4B-00C04F79EFBC}") = "Mango.Web", "Mango.Web\Mango.Web.csproj", "{8E5EAD16-395C-4C89-807C-81C6CC07684F}"
EndProject
Global
	GlobalSection(SolutionConfigurationPlatforms) = preSolution
		Debug|Any CPU = Debug|Any CPU
		Release|Any CPU = Release|Any CPU
	EndGlobalSection
	GlobalSection(ProjectConfigurationPlatforms) = postSolution
		{31FFC335-66C1-404B-964E-FE1403C6FD5D}.Debug|Any CPU.ActiveCfg = Debug|Any CPU
		{31FFC335-66C1-404B-964E-FE1403C6FD5D}.Debug|Any CPU.Build.0 = Debug|Any CPU
		{31FFC335-66C1-404B-964E-FE1403C6FD5D}.Release|Any CPU.ActiveCfg = Release|Any CPU
		{31FFC335-66C1-404B-964E-FE1403C6FD5D}.Release|Any CPU.Build.0 = Release|Any CPU
		{8E5EAD16-395C-4C89-807C-81C6CC07684F}.Debug|Any CPU.ActiveCfg = Debug|Any CPU
		{8E5EAD16-395C-4C89-807C-81C6CC07684F}.Debug|Any CPU.Build.0 = Debug|Any CPU
		{8E5EAD16-395C-4C89-807C-81C6CC07684F}.Release|Any CPU.ActiveCfg = Release|Any CPU
		{8E5EAD16-395C-4C89-807C-81C6CC07684F}.Release|Any CPU.Build.0 = Release|Any CPU
	EndGlobalSection
	GlobalSection(SolutionProperties) = preSolution
		HideSolutionNode = FALSE
	EndGlobalSection
	GlobalSection(NestedProjects) = preSolution
		{31FFC335-66C1-404B-964E-FE1403C6FD5D} = {203471FE-94D6-49F2-9B1D-CE95E9D45584}
		{8E5EAD16-395C-4C89-807C-81C6CC07684F} = {4D2885F0-3BBB-402E-AC0E-77FBD49955A9}
	EndGlobalSection
	GlobalSection(ExtensibilityGlobals) = postSolution
		SolutionGuid = {7B5A0268-5ACD-4591-81E9-33AECC817AB3}
	EndGlobalSection
EndGlobal
